
Microsoft Visual Studio Solution File, Format Version 12.00
# Visual Studio 15
VisualStudioVersion = 15.0.26430.14
MinimumVisualStudioVersion = 10.0.40219.1
Project("{F184B08F-C81C-45F6-A57F-5ABD9991F28F}") = "CodeCracker", "src\VisualBasic\CodeCracker\CodeCracker.vbproj", "{41FA4971-D354-4647-A269-4A886DA2EF4C}"
EndProject
Project("{F184B08F-C81C-45F6-A57F-5ABD9991F28F}") = "CodeCracker.Test", "test\VisualBasic\CodeCracker.Test\CodeCracker.Test.vbproj", "{5399E7A8-F8F1-4F2E-A5D2-9C96F3DD2A2D}"
EndProject
Project("{2150E333-8FDC-42A3-9474-1A3956D46DE8}") = "Solution Items", "Solution Items", "{3DB077DC-387D-4AAD-9ECE-96D3D24FB3A6}"
	ProjectSection(SolutionItems) = preProject
		.gitattributes = .gitattributes
		.gitignore = .gitignore
		README.md = README.md
	EndProjectSection
EndProject
Project("{2150E333-8FDC-42A3-9474-1A3956D46DE8}") = ".nuget", ".nuget", "{5413BEBC-2F00-4B54-98E9-B1A7618C3C2A}"
	ProjectSection(SolutionItems) = preProject
		nuget.config = nuget.config
		.nuget\packages.config = .nuget\packages.config
	EndProjectSection
EndProject
Project("{2150E333-8FDC-42A3-9474-1A3956D46DE8}") = "build", "build", "{D1591C8E-982D-402F-B3CB-1D1662104425}"
	ProjectSection(SolutionItems) = preProject
		appveyor.yml = appveyor.yml
		build.ps1 = build.ps1
		default.ps1 = default.ps1
	EndProjectSection
EndProject
Project("{2150E333-8FDC-42A3-9474-1A3956D46DE8}") = "test", "test", "{22D6C608-E7F1-4236-BB07-BE5F97A4C810}"
	ProjectSection(SolutionItems) = preProject
		runTestsVB.ps1 = runTestsVB.ps1
		test.ps1 = test.ps1
	EndProjectSection
EndProject
Project("{FAE04EC0-301F-11D3-BF4B-00C04F79EFBC}") = "CodeCracker.Common", "src\Common\CodeCracker.Common\CodeCracker.Common.csproj", "{753D4757-FCBA-43BA-B1BE-89201ACDA192}"
EndProject
Project("{FAE04EC0-301F-11D3-BF4B-00C04F79EFBC}") = "CodeCracker.Test.Common", "test\Common\CodeCracker.Test.Common\CodeCracker.Test.Common.csproj", "{1CD1A3EE-28CE-404B-A59E-AEACF762D938}"
EndProject
Project("{FAE04EC0-301F-11D3-BF4B-00C04F79EFBC}") = "CodeCracker.Vsix", "src\VisualBasic\CodeCracker.Vsix\CodeCracker.Vsix.csproj", "{B7B513B4-0317-4F32-B560-4BFC4FAEC239}"
EndProject
Global
	GlobalSection(SolutionConfigurationPlatforms) = preSolution
		Debug|Any CPU = Debug|Any CPU
		DebugNoVsix|Any CPU = DebugNoVsix|Any CPU
		Release|Any CPU = Release|Any CPU
		ReleaseNoVsix|Any CPU = ReleaseNoVsix|Any CPU
	EndGlobalSection
	GlobalSection(ProjectConfigurationPlatforms) = postSolution
		{41FA4971-D354-4647-A269-4A886DA2EF4C}.Debug|Any CPU.ActiveCfg = Debug|Any CPU
		{41FA4971-D354-4647-A269-4A886DA2EF4C}.Debug|Any CPU.Build.0 = Debug|Any CPU
		{41FA4971-D354-4647-A269-4A886DA2EF4C}.DebugNoVsix|Any CPU.ActiveCfg = Debug|Any CPU
		{41FA4971-D354-4647-A269-4A886DA2EF4C}.DebugNoVsix|Any CPU.Build.0 = Debug|Any CPU
		{41FA4971-D354-4647-A269-4A886DA2EF4C}.Release|Any CPU.ActiveCfg = Release|Any CPU
		{41FA4971-D354-4647-A269-4A886DA2EF4C}.Release|Any CPU.Build.0 = Release|Any CPU
		{41FA4971-D354-4647-A269-4A886DA2EF4C}.ReleaseNoVsix|Any CPU.ActiveCfg = Release|Any CPU
		{41FA4971-D354-4647-A269-4A886DA2EF4C}.ReleaseNoVsix|Any CPU.Build.0 = Release|Any CPU
		{5399E7A8-F8F1-4F2E-A5D2-9C96F3DD2A2D}.Debug|Any CPU.ActiveCfg = Debug|Any CPU
		{5399E7A8-F8F1-4F2E-A5D2-9C96F3DD2A2D}.Debug|Any CPU.Build.0 = Debug|Any CPU
		{5399E7A8-F8F1-4F2E-A5D2-9C96F3DD2A2D}.DebugNoVsix|Any CPU.ActiveCfg = Debug|Any CPU
		{5399E7A8-F8F1-4F2E-A5D2-9C96F3DD2A2D}.DebugNoVsix|Any CPU.Build.0 = Debug|Any CPU
		{5399E7A8-F8F1-4F2E-A5D2-9C96F3DD2A2D}.Release|Any CPU.ActiveCfg = Release|Any CPU
		{5399E7A8-F8F1-4F2E-A5D2-9C96F3DD2A2D}.Release|Any CPU.Build.0 = Release|Any CPU
		{5399E7A8-F8F1-4F2E-A5D2-9C96F3DD2A2D}.ReleaseNoVsix|Any CPU.ActiveCfg = Release|Any CPU
		{5399E7A8-F8F1-4F2E-A5D2-9C96F3DD2A2D}.ReleaseNoVsix|Any CPU.Build.0 = Release|Any CPU
		{753D4757-FCBA-43BA-B1BE-89201ACDA192}.Debug|Any CPU.ActiveCfg = Debug|Any CPU
		{753D4757-FCBA-43BA-B1BE-89201ACDA192}.Debug|Any CPU.Build.0 = Debug|Any CPU
		{753D4757-FCBA-43BA-B1BE-89201ACDA192}.DebugNoVsix|Any CPU.ActiveCfg = Debug|Any CPU
		{753D4757-FCBA-43BA-B1BE-89201ACDA192}.DebugNoVsix|Any CPU.Build.0 = Debug|Any CPU
		{753D4757-FCBA-43BA-B1BE-89201ACDA192}.Release|Any CPU.ActiveCfg = Release|Any CPU
		{753D4757-FCBA-43BA-B1BE-89201ACDA192}.Release|Any CPU.Build.0 = Release|Any CPU
		{753D4757-FCBA-43BA-B1BE-89201ACDA192}.ReleaseNoVsix|Any CPU.ActiveCfg = Release|Any CPU
		{753D4757-FCBA-43BA-B1BE-89201ACDA192}.ReleaseNoVsix|Any CPU.Build.0 = Release|Any CPU
		{1CD1A3EE-28CE-404B-A59E-AEACF762D938}.Debug|Any CPU.ActiveCfg = Debug|Any CPU
		{1CD1A3EE-28CE-404B-A59E-AEACF762D938}.Debug|Any CPU.Build.0 = Debug|Any CPU
		{1CD1A3EE-28CE-404B-A59E-AEACF762D938}.DebugNoVsix|Any CPU.ActiveCfg = Debug|Any CPU
		{1CD1A3EE-28CE-404B-A59E-AEACF762D938}.DebugNoVsix|Any CPU.Build.0 = Debug|Any CPU
		{1CD1A3EE-28CE-404B-A59E-AEACF762D938}.Release|Any CPU.ActiveCfg = Release|Any CPU
		{1CD1A3EE-28CE-404B-A59E-AEACF762D938}.Release|Any CPU.Build.0 = Release|Any CPU
		{1CD1A3EE-28CE-404B-A59E-AEACF762D938}.ReleaseNoVsix|Any CPU.ActiveCfg = Release|Any CPU
		{1CD1A3EE-28CE-404B-A59E-AEACF762D938}.ReleaseNoVsix|Any CPU.Build.0 = Release|Any CPU
		{B7B513B4-0317-4F32-B560-4BFC4FAEC239}.Debug|Any CPU.ActiveCfg = Debug|Any CPU
		{B7B513B4-0317-4F32-B560-4BFC4FAEC239}.Debug|Any CPU.Build.0 = Debug|Any CPU
		{B7B513B4-0317-4F32-B560-4BFC4FAEC239}.DebugNoVsix|Any CPU.ActiveCfg = Debug|Any CPU
		{B7B513B4-0317-4F32-B560-4BFC4FAEC239}.Release|Any CPU.ActiveCfg = Release|Any CPU
		{B7B513B4-0317-4F32-B560-4BFC4FAEC239}.Release|Any CPU.Build.0 = Release|Any CPU
		{B7B513B4-0317-4F32-B560-4BFC4FAEC239}.ReleaseNoVsix|Any CPU.ActiveCfg = Release|Any CPU
	EndGlobalSection
	GlobalSection(SolutionProperties) = preSolution
		HideSolutionNode = FALSE
	EndGlobalSection
	GlobalSection(NestedProjects) = preSolution
		{D1591C8E-982D-402F-B3CB-1D1662104425} = {3DB077DC-387D-4AAD-9ECE-96D3D24FB3A6}
		{22D6C608-E7F1-4236-BB07-BE5F97A4C810} = {3DB077DC-387D-4AAD-9ECE-96D3D24FB3A6}
	EndGlobalSection
EndGlobal
