
Microsoft Visual Studio Solution File, Format Version 12.00
# Visual Studio 14
VisualStudioVersion = 14.0.25420.1
MinimumVisualStudioVersion = 10.0.40219.1
Project("{2150E333-8FDC-42A3-9474-1A3956D46DE8}") = ".nuget", ".nuget", "{2F5240AD-2B4E-48A4-B9FC-7D19DACEF2CD}"
	ProjectSection(SolutionItems) = preProject
		nuget.config = nuget.config
		.nuget\packages.config = .nuget\packages.config
	EndProjectSection
EndProject
Project("{FAE04EC0-301F-11D3-BF4B-00C04F79EFBC}") = "CodeCracker", "src\CSharp\CodeCracker\CodeCracker.csproj", "{FF1097FB-A890-461B-979E-064697891B96}"
EndProject
Project("{FAE04EC0-301F-11D3-BF4B-00C04F79EFBC}") = "CodeCracker.Vsix.2015", "src\CSharp\CodeCracker.Vsix\CodeCracker.Vsix.2015.csproj", "{6BAC4057-7239-485E-A04B-02E687A83BAA}"
EndProject
Project("{FAE04EC0-301F-11D3-BF4B-00C04F79EFBC}") = "CodeCracker.Test", "test\CSharp\CodeCracker.Test\CodeCracker.Test.csproj", "{F7843158-046E-4B22-95D7-CAC7BB01283D}"
EndProject
Project("{2150E333-8FDC-42A3-9474-1A3956D46DE8}") = "Solution Items", "Solution Items", "{7B4F0131-D598-4692-9E2C-111E6C42C6AD}"
	ProjectSection(SolutionItems) = preProject
		.gitattributes = .gitattributes
		.gitignore = .gitignore
		CHANGELOG.md = CHANGELOG.md
		README.md = README.md
	EndProjectSection
EndProject
Project("{2150E333-8FDC-42A3-9474-1A3956D46DE8}") = "test", "test", "{051F1BE2-9A44-4B84-9DF8-6537852B7BBC}"
	ProjectSection(SolutionItems) = preProject
		test\CSharp\AnalyzeCecil.ps1 = test\CSharp\AnalyzeCecil.ps1
		test\CSharp\AnalyzeCoreFx.ps1 = test\CSharp\AnalyzeCoreFx.ps1
		test\CSharp\AnalyzeRoslyn.ps1 = test\CSharp\AnalyzeRoslyn.ps1
		runTestsCS.ps1 = runTestsCS.ps1
		test.ps1 = test.ps1
	EndProjectSection
EndProject
Project("{2150E333-8FDC-42A3-9474-1A3956D46DE8}") = "build", "build", "{40545653-8444-49E0-8DAD-BBB381F8A3B2}"
	ProjectSection(SolutionItems) = preProject
		appveyor.yml = appveyor.yml
		build.ps1 = build.ps1
		default.ps1 = default.ps1
	EndProjectSection
EndProject
Project("{FAE04EC0-301F-11D3-BF4B-00C04F79EFBC}") = "CodeCracker.Common", "src\Common\CodeCracker.Common\CodeCracker.Common.csproj", "{753D4757-FCBA-43BA-B1BE-89201ACDA192}"
EndProject
Project("{FAE04EC0-301F-11D3-BF4B-00C04F79EFBC}") = "CodeCracker.Test.Common", "test\Common\CodeCracker.Test.Common\CodeCracker.Test.Common.csproj", "{1CD1A3EE-28CE-404B-A59E-AEACF762D938}"
EndProject
Global
	GlobalSection(SolutionConfigurationPlatforms) = preSolution
		Debug|Any CPU = Debug|Any CPU
		DebugNoVsix|Any CPU = DebugNoVsix|Any CPU
		Release|Any CPU = Release|Any CPU
		ReleaseNoVsix|Any CPU = ReleaseNoVsix|Any CPU
	EndGlobalSection
	GlobalSection(ProjectConfigurationPlatforms) = postSolution
		{FF1097FB-A890-461B-979E-064697891B96}.Debug|Any CPU.ActiveCfg = Debug|Any CPU
		{FF1097FB-A890-461B-979E-064697891B96}.Debug|Any CPU.Build.0 = Debug|Any CPU
		{FF1097FB-A890-461B-979E-064697891B96}.DebugNoVsix|Any CPU.ActiveCfg = Debug|Any CPU
		{FF1097FB-A890-461B-979E-064697891B96}.DebugNoVsix|Any CPU.Build.0 = Debug|Any CPU
		{FF1097FB-A890-461B-979E-064697891B96}.Release|Any CPU.ActiveCfg = Release|Any CPU
		{FF1097FB-A890-461B-979E-064697891B96}.Release|Any CPU.Build.0 = Release|Any CPU
		{FF1097FB-A890-461B-979E-064697891B96}.ReleaseNoVsix|Any CPU.ActiveCfg = Release|Any CPU
		{FF1097FB-A890-461B-979E-064697891B96}.ReleaseNoVsix|Any CPU.Build.0 = Release|Any CPU
		{6BAC4057-7239-485E-A04B-02E687A83BAA}.Debug|Any CPU.ActiveCfg = Debug|Any CPU
		{6BAC4057-7239-485E-A04B-02E687A83BAA}.Debug|Any CPU.Build.0 = Debug|Any CPU
		{6BAC4057-7239-485E-A04B-02E687A83BAA}.DebugNoVsix|Any CPU.ActiveCfg = Debug|Any CPU
		{6BAC4057-7239-485E-A04B-02E687A83BAA}.Release|Any CPU.ActiveCfg = Release|Any CPU
		{6BAC4057-7239-485E-A04B-02E687A83BAA}.Release|Any CPU.Build.0 = Release|Any CPU
		{6BAC4057-7239-485E-A04B-02E687A83BAA}.ReleaseNoVsix|Any CPU.ActiveCfg = Release|Any CPU
		{F7843158-046E-4B22-95D7-CAC7BB01283D}.Debug|Any CPU.ActiveCfg = Debug|Any CPU
		{F7843158-046E-4B22-95D7-CAC7BB01283D}.Debug|Any CPU.Build.0 = Debug|Any CPU
		{F7843158-046E-4B22-95D7-CAC7BB01283D}.DebugNoVsix|Any CPU.ActiveCfg = Debug|Any CPU
		{F7843158-046E-4B22-95D7-CAC7BB01283D}.DebugNoVsix|Any CPU.Build.0 = Debug|Any CPU
		{F7843158-046E-4B22-95D7-CAC7BB01283D}.Release|Any CPU.ActiveCfg = Release|Any CPU
		{F7843158-046E-4B22-95D7-CAC7BB01283D}.Release|Any CPU.Build.0 = Release|Any CPU
		{F7843158-046E-4B22-95D7-CAC7BB01283D}.ReleaseNoVsix|Any CPU.ActiveCfg = Release|Any CPU
		{F7843158-046E-4B22-95D7-CAC7BB01283D}.ReleaseNoVsix|Any CPU.Build.0 = Release|Any CPU
		{753D4757-FCBA-43BA-B1BE-89201ACDA192}.Debug|Any CPU.ActiveCfg = Debug|Any CPU
		{753D4757-FCBA-43BA-B1BE-89201ACDA192}.Debug|Any CPU.Build.0 = Debug|Any CPU
		{753D4757-FCBA-43BA-B1BE-89201ACDA192}.DebugNoVsix|Any CPU.ActiveCfg = Debug|Any CPU
		{753D4757-FCBA-43BA-B1BE-89201ACDA192}.DebugNoVsix|Any CPU.Build.0 = Debug|Any CPU
		{753D4757-FCBA-43BA-B1BE-89201ACDA192}.Release|Any CPU.ActiveCfg = Release|Any CPU
		{753D4757-FCBA-43BA-B1BE-89201ACDA192}.Release|Any CPU.Build.0 = Release|Any CPU
		{753D4757-FCBA-43BA-B1BE-89201ACDA192}.ReleaseNoVsix|Any CPU.ActiveCfg = Release|Any CPU
		{753D4757-FCBA-43BA-B1BE-89201ACDA192}.ReleaseNoVsix|Any CPU.Build.0 = Release|Any CPU
		{1CD1A3EE-28CE-404B-A59E-AEACF762D938}.Debug|Any CPU.ActiveCfg = Debug|Any CPU
		{1CD1A3EE-28CE-404B-A59E-AEACF762D938}.Debug|Any CPU.Build.0 = Debug|Any CPU
		{1CD1A3EE-28CE-404B-A59E-AEACF762D938}.DebugNoVsix|Any CPU.ActiveCfg = Debug|Any CPU
		{1CD1A3EE-28CE-404B-A59E-AEACF762D938}.DebugNoVsix|Any CPU.Build.0 = Debug|Any CPU
		{1CD1A3EE-28CE-404B-A59E-AEACF762D938}.Release|Any CPU.ActiveCfg = Release|Any CPU
		{1CD1A3EE-28CE-404B-A59E-AEACF762D938}.Release|Any CPU.Build.0 = Release|Any CPU
		{1CD1A3EE-28CE-404B-A59E-AEACF762D938}.ReleaseNoVsix|Any CPU.ActiveCfg = Release|Any CPU
		{1CD1A3EE-28CE-404B-A59E-AEACF762D938}.ReleaseNoVsix|Any CPU.Build.0 = Release|Any CPU
	EndGlobalSection
	GlobalSection(SolutionProperties) = preSolution
		HideSolutionNode = FALSE
	EndGlobalSection
	GlobalSection(NestedProjects) = preSolution
		{051F1BE2-9A44-4B84-9DF8-6537852B7BBC} = {7B4F0131-D598-4692-9E2C-111E6C42C6AD}
		{40545653-8444-49E0-8DAD-BBB381F8A3B2} = {7B4F0131-D598-4692-9E2C-111E6C42C6AD}
	EndGlobalSection
EndGlobal
