
Microsoft Visual Studio Solution File, Format Version 12.00
# Visual Studio 15
VisualStudioVersion = 15.0.26430.14
MinimumVisualStudioVersion = 10.0.40219.1
Project("{FAE04EC0-301F-11D3-BF4B-00C04F79EFBC}") = "CodeCracker.Common", "src\Common\CodeCracker.Common\CodeCracker.Common.csproj", "{753D4757-FCBA-43BA-B1BE-89201ACDA192}"
EndProject
Project("{FAE04EC0-301F-11D3-BF4B-00C04F79EFBC}") = "CodeCracker", "src\CSharp\CodeCracker\CodeCracker.csproj", "{FF1097FB-A890-461B-979E-064697891B96}"
EndProject
Project("{FAE04EC0-301F-11D3-BF4B-00C04F79EFBC}") = "CodeCracker.Vsix", "src\CSharp\CodeCracker.Vsix\CodeCracker.Vsix.csproj", "{6BAC4057-7239-485E-A04B-02E687A83BAA}"
EndProject
Project("{FAE04EC0-301F-11D3-BF4B-00C04F79EFBC}") = "CodeCracker.Test", "test\CSharp\CodeCracker.Test\CodeCracker.Test.csproj", "{F7843158-046E-4B22-95D7-CAC7BB01283D}"
EndProject
Project("{2150E333-8FDC-42A3-9474-1A3956D46DE8}") = "vb", "vb", "{11473308-7FD9-43CE-84CE-5912EEFDD1DC}"
EndProject
Project("{F184B08F-C81C-45F6-A57F-5ABD9991F28F}") = "CodeCracker", "src\VisualBasic\CodeCracker\CodeCracker.vbproj", "{41FA4971-D354-4647-A269-4A886DA2EF4C}"
EndProject
Project("{2150E333-8FDC-42A3-9474-1A3956D46DE8}") = "cs", "cs", "{90D62FF0-A374-4C14-B827-1FFA8E384E18}"
EndProject
Project("{FAE04EC0-301F-11D3-BF4B-00C04F79EFBC}") = "CodeCracker.Vsix", "src\VisualBasic\CodeCracker.Vsix\CodeCracker.Vsix.csproj", "{B7B513B4-0317-4F32-B560-4BFC4FAEC239}"
EndProject
Project("{FAE04EC0-301F-11D3-BF4B-00C04F79EFBC}") = "CodeCracker.Test.Common", "test\Common\CodeCracker.Test.Common\CodeCracker.Test.Common.csproj", "{1CD1A3EE-28CE-404B-A59E-AEACF762D938}"
EndProject
Project("{F184B08F-C81C-45F6-A57F-5ABD9991F28F}") = "CodeCracker.Test", "test\VisualBasic\CodeCracker.Test\CodeCracker.Test.vbproj", "{5399E7A8-F8F1-4F2E-A5D2-9C96F3DD2A2D}"
EndProject
Project("{2150E333-8FDC-42A3-9474-1A3956D46DE8}") = ".nuget", ".nuget", "{A26BEB5D-9C92-4F60-9789-563A327605C3}"
	ProjectSection(SolutionItems) = preProject
		src\CodeCracker.nuspec = src\CodeCracker.nuspec
		nuget.config = nuget.config
		.nuget\packages.config = .nuget\packages.config
	EndProjectSection
EndProject
Project("{2150E333-8FDC-42A3-9474-1A3956D46DE8}") = ".Solution Items", ".Solution Items", "{E1B8ADBF-3442-4EF3-8C6B-146B576340E9}"
	ProjectSection(SolutionItems) = preProject
		.gitattributes = .gitattributes
		.gitignore = .gitignore
		CHANGELOG.md = CHANGELOG.md
		README.md = README.md
	EndProjectSection
EndProject
Project("{2150E333-8FDC-42A3-9474-1A3956D46DE8}") = "build", "build", "{234973E7-794D-4BC5-8D5F-FB98D8BFA967}"
	ProjectSection(SolutionItems) = preProject
		appveyor.yml = appveyor.yml
		build.ps1 = build.ps1
		default.ps1 = default.ps1
	EndProjectSection
EndProject
Project("{2150E333-8FDC-42A3-9474-1A3956D46DE8}") = "test", "test", "{C5584F20-6E93-4D2D-B6F0-141B977AFC9F}"
	ProjectSection(SolutionItems) = preProject
		test\CSharp\AnalyzeCecil.ps1 = test\CSharp\AnalyzeCecil.ps1
		test\CSharp\AnalyzeCoreFx.ps1 = test\CSharp\AnalyzeCoreFx.ps1
		test\CSharp\AnalyzeRoslyn.ps1 = test\CSharp\AnalyzeRoslyn.ps1
		runTestsCS.ps1 = runTestsCS.ps1
		runTestsVB.ps1 = runTestsVB.ps1
		test.ps1 = test.ps1
	EndProjectSection
EndProject
Global
	GlobalSection(SolutionConfigurationPlatforms) = preSolution
		Debug|Any CPU = Debug|Any CPU
		DebugNoVsix|Any CPU = DebugNoVsix|Any CPU
		Release|Any CPU = Release|Any CPU
		ReleaseNoVsix|Any CPU = ReleaseNoVsix|Any CPU
	EndGlobalSection
	GlobalSection(ProjectConfigurationPlatforms) = postSolution
		{753D4757-FCBA-43BA-B1BE-89201ACDA192}.Debug|Any CPU.ActiveCfg = Debug|Any CPU
		{753D4757-FCBA-43BA-B1BE-89201ACDA192}.Debug|Any CPU.Build.0 = Debug|Any CPU
		{753D4757-FCBA-43BA-B1BE-89201ACDA192}.DebugNoVsix|Any CPU.ActiveCfg = Debug|Any CPU
		{753D4757-FCBA-43BA-B1BE-89201ACDA192}.DebugNoVsix|Any CPU.Build.0 = Debug|Any CPU
		{753D4757-FCBA-43BA-B1BE-89201ACDA192}.Release|Any CPU.ActiveCfg = Release|Any CPU
		{753D4757-FCBA-43BA-B1BE-89201ACDA192}.Release|Any CPU.Build.0 = Release|Any CPU
		{753D4757-FCBA-43BA-B1BE-89201ACDA192}.ReleaseNoVsix|Any CPU.ActiveCfg = Release|Any CPU
		{753D4757-FCBA-43BA-B1BE-89201ACDA192}.ReleaseNoVsix|Any CPU.Build.0 = Release|Any CPU
		{FF1097FB-A890-461B-979E-064697891B96}.Debug|Any CPU.ActiveCfg = Debug|Any CPU
		{FF1097FB-A890-461B-979E-064697891B96}.Debug|Any CPU.Build.0 = Debug|Any CPU
		{FF1097FB-A890-461B-979E-064697891B96}.DebugNoVsix|Any CPU.ActiveCfg = Debug|Any CPU
		{FF1097FB-A890-461B-979E-064697891B96}.DebugNoVsix|Any CPU.Build.0 = Debug|Any CPU
		{FF1097FB-A890-461B-979E-064697891B96}.Release|Any CPU.ActiveCfg = Release|Any CPU
		{FF1097FB-A890-461B-979E-064697891B96}.Release|Any CPU.Build.0 = Release|Any CPU
		{FF1097FB-A890-461B-979E-064697891B96}.ReleaseNoVsix|Any CPU.ActiveCfg = Release|Any CPU
		{FF1097FB-A890-461B-979E-064697891B96}.ReleaseNoVsix|Any CPU.Build.0 = Release|Any CPU
		{6BAC4057-7239-485E-A04B-02E687A83BAA}.Debug|Any CPU.ActiveCfg = Debug|Any CPU
		{6BAC4057-7239-485E-A04B-02E687A83BAA}.Debug|Any CPU.Build.0 = Debug|Any CPU
		{6BAC4057-7239-485E-A04B-02E687A83BAA}.DebugNoVsix|Any CPU.ActiveCfg = Debug|Any CPU
		{6BAC4057-7239-485E-A04B-02E687A83BAA}.Release|Any CPU.ActiveCfg = Release|Any CPU
		{6BAC4057-7239-485E-A04B-02E687A83BAA}.Release|Any CPU.Build.0 = Release|Any CPU
		{6BAC4057-7239-485E-A04B-02E687A83BAA}.ReleaseNoVsix|Any CPU.ActiveCfg = Release|Any CPU
		{F7843158-046E-4B22-95D7-CAC7BB01283D}.Debug|Any CPU.ActiveCfg = Debug|Any CPU
		{F7843158-046E-4B22-95D7-CAC7BB01283D}.Debug|Any CPU.Build.0 = Debug|Any CPU
		{F7843158-046E-4B22-95D7-CAC7BB01283D}.DebugNoVsix|Any CPU.ActiveCfg = Debug|Any CPU
		{F7843158-046E-4B22-95D7-CAC7BB01283D}.DebugNoVsix|Any CPU.Build.0 = Debug|Any CPU
		{F7843158-046E-4B22-95D7-CAC7BB01283D}.Release|Any CPU.ActiveCfg = Release|Any CPU
		{F7843158-046E-4B22-95D7-CAC7BB01283D}.Release|Any CPU.Build.0 = Release|Any CPU
		{F7843158-046E-4B22-95D7-CAC7BB01283D}.ReleaseNoVsix|Any CPU.ActiveCfg = Release|Any CPU
		{F7843158-046E-4B22-95D7-CAC7BB01283D}.ReleaseNoVsix|Any CPU.Build.0 = Release|Any CPU
		{41FA4971-D354-4647-A269-4A886DA2EF4C}.Debug|Any CPU.ActiveCfg = Debug|Any CPU
		{41FA4971-D354-4647-A269-4A886DA2EF4C}.Debug|Any CPU.Build.0 = Debug|Any CPU
		{41FA4971-D354-4647-A269-4A886DA2EF4C}.DebugNoVsix|Any CPU.ActiveCfg = Debug|Any CPU
		{41FA4971-D354-4647-A269-4A886DA2EF4C}.DebugNoVsix|Any CPU.Build.0 = Debug|Any CPU
		{41FA4971-D354-4647-A269-4A886DA2EF4C}.Release|Any CPU.ActiveCfg = Release|Any CPU
		{41FA4971-D354-4647-A269-4A886DA2EF4C}.Release|Any CPU.Build.0 = Release|Any CPU
		{41FA4971-D354-4647-A269-4A886DA2EF4C}.ReleaseNoVsix|Any CPU.ActiveCfg = Release|Any CPU
		{41FA4971-D354-4647-A269-4A886DA2EF4C}.ReleaseNoVsix|Any CPU.Build.0 = Release|Any CPU
		{B7B513B4-0317-4F32-B560-4BFC4FAEC239}.Debug|Any CPU.ActiveCfg = Debug|Any CPU
		{B7B513B4-0317-4F32-B560-4BFC4FAEC239}.Debug|Any CPU.Build.0 = Debug|Any CPU
		{B7B513B4-0317-4F32-B560-4BFC4FAEC239}.DebugNoVsix|Any CPU.ActiveCfg = Debug|Any CPU
		{B7B513B4-0317-4F32-B560-4BFC4FAEC239}.Release|Any CPU.ActiveCfg = Release|Any CPU
		{B7B513B4-0317-4F32-B560-4BFC4FAEC239}.Release|Any CPU.Build.0 = Release|Any CPU
		{B7B513B4-0317-4F32-B560-4BFC4FAEC239}.ReleaseNoVsix|Any CPU.ActiveCfg = Release|Any CPU
		{1CD1A3EE-28CE-404B-A59E-AEACF762D938}.Debug|Any CPU.ActiveCfg = Debug|Any CPU
		{1CD1A3EE-28CE-404B-A59E-AEACF762D938}.Debug|Any CPU.Build.0 = Debug|Any CPU
		{1CD1A3EE-28CE-404B-A59E-AEACF762D938}.DebugNoVsix|Any CPU.ActiveCfg = Debug|Any CPU
		{1CD1A3EE-28CE-404B-A59E-AEACF762D938}.DebugNoVsix|Any CPU.Build.0 = Debug|Any CPU
		{1CD1A3EE-28CE-404B-A59E-AEACF762D938}.Release|Any CPU.ActiveCfg = Release|Any CPU
		{1CD1A3EE-28CE-404B-A59E-AEACF762D938}.Release|Any CPU.Build.0 = Release|Any CPU
		{1CD1A3EE-28CE-404B-A59E-AEACF762D938}.ReleaseNoVsix|Any CPU.ActiveCfg = Release|Any CPU
		{1CD1A3EE-28CE-404B-A59E-AEACF762D938}.ReleaseNoVsix|Any CPU.Build.0 = Release|Any CPU
		{5399E7A8-F8F1-4F2E-A5D2-9C96F3DD2A2D}.Debug|Any CPU.ActiveCfg = Debug|Any CPU
		{5399E7A8-F8F1-4F2E-A5D2-9C96F3DD2A2D}.Debug|Any CPU.Build.0 = Debug|Any CPU
		{5399E7A8-F8F1-4F2E-A5D2-9C96F3DD2A2D}.DebugNoVsix|Any CPU.ActiveCfg = Debug|Any CPU
		{5399E7A8-F8F1-4F2E-A5D2-9C96F3DD2A2D}.DebugNoVsix|Any CPU.Build.0 = Debug|Any CPU
		{5399E7A8-F8F1-4F2E-A5D2-9C96F3DD2A2D}.Release|Any CPU.ActiveCfg = Release|Any CPU
		{5399E7A8-F8F1-4F2E-A5D2-9C96F3DD2A2D}.Release|Any CPU.Build.0 = Release|Any CPU
		{5399E7A8-F8F1-4F2E-A5D2-9C96F3DD2A2D}.ReleaseNoVsix|Any CPU.ActiveCfg = Release|Any CPU
		{5399E7A8-F8F1-4F2E-A5D2-9C96F3DD2A2D}.ReleaseNoVsix|Any CPU.Build.0 = Release|Any CPU
	EndGlobalSection
	GlobalSection(SolutionProperties) = preSolution
		HideSolutionNode = FALSE
	EndGlobalSection
	GlobalSection(NestedProjects) = preSolution
		{FF1097FB-A890-461B-979E-064697891B96} = {90D62FF0-A374-4C14-B827-1FFA8E384E18}
		{6BAC4057-7239-485E-A04B-02E687A83BAA} = {90D62FF0-A374-4C14-B827-1FFA8E384E18}
		{F7843158-046E-4B22-95D7-CAC7BB01283D} = {90D62FF0-A374-4C14-B827-1FFA8E384E18}
		{41FA4971-D354-4647-A269-4A886DA2EF4C} = {11473308-7FD9-43CE-84CE-5912EEFDD1DC}
		{B7B513B4-0317-4F32-B560-4BFC4FAEC239} = {11473308-7FD9-43CE-84CE-5912EEFDD1DC}
		{5399E7A8-F8F1-4F2E-A5D2-9C96F3DD2A2D} = {11473308-7FD9-43CE-84CE-5912EEFDD1DC}
		{234973E7-794D-4BC5-8D5F-FB98D8BFA967} = {E1B8ADBF-3442-4EF3-8C6B-146B576340E9}
		{C5584F20-6E93-4D2D-B6F0-141B977AFC9F} = {E1B8ADBF-3442-4EF3-8C6B-146B576340E9}
	EndGlobalSection
EndGlobal
